
Microsoft Visual Studio Solution File, Format Version 12.00
# Visual Studio Version 17
VisualStudioVersion = 17.14.36623.8
MinimumVisualStudioVersion = 10.0.40219.1
Project("{FAE04EC0-301F-11D3-BF4B-00C04F79EFBC}") = "Angular_Generate", "Angular_Generate.csproj", "{94A76AC0-4FB1-4028-883A-10E758D1703D}"
EndProject
Project("{2150E333-8FDC-42A3-9474-1A3956D46DE8}") = "Tests", "Tests", "{0AB3BF05-4346-4AA6-1389-037BE0695223}"
EndProject
Project("{FAE04EC0-301F-11D3-BF4B-00C04F79EFBC}") = "AngularGenerator.Tests", "Tests\AngularGenerator.Tests\AngularGenerator.Tests.csproj", "{F1AEB266-89F5-46BE-8C25-72F07B23215E}"
EndProject
Global
	GlobalSection(SolutionConfigurationPlatforms) = preSolution
		Debug|Any CPU = Debug|Any CPU
		Debug|x64 = Debug|x64
		Debug|x86 = Debug|x86
		Release|Any CPU = Release|Any CPU
		Release|x64 = Release|x64
		Release|x86 = Release|x86
	EndGlobalSection
	GlobalSection(ProjectConfigurationPlatforms) = postSolution
		{94A76AC0-4FB1-4028-883A-10E758D1703D}.Debug|Any CPU.ActiveCfg = Debug|Any CPU
		{94A76AC0-4FB1-4028-883A-10E758D1703D}.Debug|Any CPU.Build.0 = Debug|Any CPU
		{94A76AC0-4FB1-4028-883A-10E758D1703D}.Debug|x64.ActiveCfg = Debug|Any CPU
		{94A76AC0-4FB1-4028-883A-10E758D1703D}.Debug|x64.Build.0 = Debug|Any CPU
		{94A76AC0-4FB1-4028-883A-10E758D1703D}.Debug|x86.ActiveCfg = Debug|Any CPU
		{94A76AC0-4FB1-4028-883A-10E758D1703D}.Debug|x86.Build.0 = Debug|Any CPU
		{94A76AC0-4FB1-4028-883A-10E758D1703D}.Release|Any CPU.ActiveCfg = Release|Any CPU
		{94A76AC0-4FB1-4028-883A-10E758D1703D}.Release|Any CPU.Build.0 = Release|Any CPU
		{94A76AC0-4FB1-4028-883A-10E758D1703D}.Release|x64.ActiveCfg = Release|Any CPU
		{94A76AC0-4FB1-4028-883A-10E758D1703D}.Release|x64.Build.0 = Release|Any CPU
		{94A76AC0-4FB1-4028-883A-10E758D1703D}.Release|x86.ActiveCfg = Release|Any CPU
		{94A76AC0-4FB1-4028-883A-10E758D1703D}.Release|x86.Build.0 = Release|Any CPU
		{F1AEB266-89F5-46BE-8C25-72F07B23215E}.Debug|Any CPU.ActiveCfg = Debug|Any CPU
		{F1AEB266-89F5-46BE-8C25-72F07B23215E}.Debug|Any CPU.Build.0 = Debug|Any CPU
		{F1AEB266-89F5-46BE-8C25-72F07B23215E}.Debug|x64.ActiveCfg = Debug|Any CPU
		{F1AEB266-89F5-46BE-8C25-72F07B23215E}.Debug|x64.Build.0 = Debug|Any CPU
		{F1AEB266-89F5-46BE-8C25-72F07B23215E}.Debug|x86.ActiveCfg = Debug|Any CPU
		{F1AEB266-89F5-46BE-8C25-72F07B23215E}.Debug|x86.Build.0 = Debug|Any CPU
		{F1AEB266-89F5-46BE-8C25-72F07B23215E}.Release|Any CPU.ActiveCfg = Release|Any CPU
		{F1AEB266-89F5-46BE-8C25-72F07B23215E}.Release|Any CPU.Build.0 = Release|Any CPU
		{F1AEB266-89F5-46BE-8C25-72F07B23215E}.Release|x64.ActiveCfg = Release|Any CPU
		{F1AEB266-89F5-46BE-8C25-72F07B23215E}.Release|x64.Build.0 = Release|Any CPU
		{F1AEB266-89F5-46BE-8C25-72F07B23215E}.Release|x86.ActiveCfg = Release|Any CPU
		{F1AEB266-89F5-46BE-8C25-72F07B23215E}.Release|x86.Build.0 = Release|Any CPU
	EndGlobalSection
	GlobalSection(SolutionProperties) = preSolution
		HideSolutionNode = FALSE
	EndGlobalSection
	GlobalSection(NestedProjects) = preSolution
		{F1AEB266-89F5-46BE-8C25-72F07B23215E} = {0AB3BF05-4346-4AA6-1389-037BE0695223}
	EndGlobalSection
	GlobalSection(ExtensibilityGlobals) = postSolution
		SolutionGuid = {B1D806BB-5053-4D5A-ADA5-E9703DBB488A}
	EndGlobalSection
EndGlobal
